
Microsoft Visual Studio Solution File, Format Version 12.00
# Visual Studio 15
VisualStudioVersion = 15.0.28307.645
MinimumVisualStudioVersion = 10.0.40219.1
Project("{FAE04EC0-301F-11D3-BF4B-00C04F79EFBC}") = "addressbook_tests_white", "addressbook_tests_white\addressbook_tests_white.csproj", "{28036458-5D9E-408E-972C-836A9F5200C5}"
EndProject
Global
	GlobalSection(SolutionConfigurationPlatforms) = preSolution
		Debug|Any CPU = Debug|Any CPU
		Release|Any CPU = Release|Any CPU
	EndGlobalSection
	GlobalSection(ProjectConfigurationPlatforms) = postSolution
		{28036458-5D9E-408E-972C-836A9F5200C5}.Debug|Any CPU.ActiveCfg = Debug|Any CPU
		{28036458-5D9E-408E-972C-836A9F5200C5}.Debug|Any CPU.Build.0 = Debug|Any CPU
		{28036458-5D9E-408E-972C-836A9F5200C5}.Release|Any CPU.ActiveCfg = Release|Any CPU
		{28036458-5D9E-408E-972C-836A9F5200C5}.Release|Any CPU.Build.0 = Release|Any CPU
	EndGlobalSection
	GlobalSection(SolutionProperties) = preSolution
		HideSolutionNode = FALSE
	EndGlobalSection
	GlobalSection(ExtensibilityGlobals) = postSolution
		SolutionGuid = {21E9CACB-1F45-438B-9389-E1EB2A21B999}
	EndGlobalSection
EndGlobal
